<?xml version="1.0" encoding="utf-8"?>
<Project ToolsVersion="4.0" xmlns="http://schemas.microsoft.com/developer/msbuild/2003">
  <ItemGroup>
    <Filter Include="Source Files">
      <UniqueIdentifier>{4FC737F1-C7A5-4376-A066-2A32D752A2FF}</UniqueIdentifier>
      <Extensions>cpp;c;cc;cxx;def;odl;idl;hpj;bat;asm;asmx</Extensions>
    </Filter>
    <Filter Include="Header Files">
      <UniqueIdentifier>{93995380-89BD-4b04-88EB-625FBE52EBFB}</UniqueIdentifier>
      <Extensions>h;hpp;hxx;hm;inl;inc;xsd</Extensions>
    </Filter>
    <Filter Include="Resource Files">
      <UniqueIdentifier>{67DA6AB6-F800-4c08-8B7A-83BB121AAD01}</UniqueIdentifier>
      <Extensions>rc;ico;cur;bmp;dlg;rc2;rct;bin;rgs;gif;jpg;jpeg;jpe;resx;tiff;tif;png;wav</Extensions>
    </Filter>
    <Filter Include="wxCommon">
      <UniqueIdentifier>{e28eab0f-3c94-468b-8863-6ed338294e3f}</UniqueIdentifier>
    </Filter>
  </ItemGroup>
  <ItemGroup>
    <ClCompile Include="ErasorTool.cpp">
      <Filter>Source Files</Filter>
    </ClCompile>
    <ClCompile Include="main.cpp">
      <Filter>Source Files</Filter>
    </ClCompile>
    <ClCompile Include="MainFrame.cpp">
      <Filter>Source Files</Filter>
    </ClCompile>
    <ClCompile Include="PenTool.cpp">
      <Filter>Source Files</Filter>
    </ClCompile>
    <ClCompile Include="Tool.cpp">
      <Filter>Source Files</Filter>
    </ClCompile>
    <ClCompile Include="World.cpp">
      <Filter>Source Files</Filter>
    </ClCompile>
    <ClCompile Include="WorldView.cpp">
      <Filter>Source Files</Filter>
    </ClCompile>
  </ItemGroup>
  <ItemGroup>
    <ClInclude Include="ErasorTool.hpp">
      <Filter>Header Files</Filter>
    </ClInclude>
    <ClInclude Include="MainFrame.hpp">
      <Filter>Header Files</Filter>
    </ClInclude>
    <ClInclude Include="PenTool.hpp">
      <Filter>Header Files</Filter>
    </ClInclude>
    <ClInclude Include="RenderMode.hpp">
      <Filter>Header Files</Filter>
    </ClInclude>
    <ClInclude Include="Tool.hpp">
      <Filter>Header Files</Filter>
    </ClInclude>
    <ClInclude Include="ToolAction.hpp">
      <Filter>Header Files</Filter>
    </ClInclude>
    <ClInclude Include="World.hpp">
      <Filter>Header Files</Filter>
    </ClInclude>
    <ClInclude Include="WorldView.hpp">
      <Filter>Header Files</Filter>
    </ClInclude>
    <ClInclude Include="..\wxCommon\_wx_intellisense.h">
      <Filter>wxCommon</Filter>
    </ClInclude>
    <ClInclude Include="..\wxCommon\wx.hpp">
      <Filter>wxCommon</Filter>
    </ClInclude>
    <ClInclude Include="..\wxCommon\wx_opengl.hpp">
      <Filter>wxCommon</Filter>
    </ClInclude>
  </ItemGroup>
</Project>