<?xml version="1.0" encoding="utf-8"?>
<Project ToolsVersion="4.0" xmlns="http://schemas.microsoft.com/developer/msbuild/2003">
  <ItemGroup>
    <Filter Include="Source Files">
      <UniqueIdentifier>{4FC737F1-C7A5-4376-A066-2A32D752A2FF}</UniqueIdentifier>
      <Extensions>cpp;c;cc;cxx;def;odl;idl;hpj;bat;asm;asmx</Extensions>
    </Filter>
    <Filter Include="Header Files">
      <UniqueIdentifier>{93995380-89BD-4b04-88EB-625FBE52EBFB}</UniqueIdentifier>
      <Extensions>h;hpp;hxx;hm;inl;inc;xsd</Extensions>
    </Filter>
    <Filter Include="Resource Files">
      <UniqueIdentifier>{67DA6AB6-F800-4c08-8B7A-83BB121AAD01}</UniqueIdentifier>
      <Extensions>rc;ico;cur;bmp;dlg;rc2;rct;bin;rgs;gif;jpg;jpeg;jpe;resx;tiff;tif;png;wav</Extensions>
    </Filter>
    <Filter Include="Color">
      <UniqueIdentifier>{cb39ad6f-af0c-430f-be91-2f00e7f47f3a}</UniqueIdentifier>
    </Filter>
    <Filter Include="utf">
      <UniqueIdentifier>{612f46d9-f44d-402b-a51b-f1e10e5e7b4c}</UniqueIdentifier>
    </Filter>
  </ItemGroup>
  <ItemGroup>
    <ClCompile Include="ComponentObject2.cpp">
      <Filter>Source Files</Filter>
    </ClCompile>
    <ClCompile Include="ConsoleState.cpp">
      <Filter>Source Files</Filter>
    </ClCompile>
    <ClCompile Include="DevilSystem.cpp">
      <Filter>Source Files</Filter>
    </ClCompile>
    <ClCompile Include="File.cpp">
      <Filter>Source Files</Filter>
    </ClCompile>
    <ClCompile Include="FileSystem.cpp">
      <Filter>Source Files</Filter>
    </ClCompile>
    <ClCompile Include="Font.cpp">
      <Filter>Source Files</Filter>
    </ClCompile>
    <ClCompile Include="Game.cpp">
      <Filter>Source Files</Filter>
    </ClCompile>
    <ClCompile Include="Image.cpp">
      <Filter>Source Files</Filter>
    </ClCompile>
    <ClCompile Include="LanguageSystem.cpp">
      <Filter>Source Files</Filter>
    </ClCompile>
    <ClCompile Include="Loaded.cpp">
      <Filter>Source Files</Filter>
    </ClCompile>
    <ClCompile Include="Loader.cpp">
      <Filter>Source Files</Filter>
    </ClCompile>
    <ClCompile Include="Log.cpp">
      <Filter>Source Files</Filter>
    </ClCompile>
    <ClCompile Include="MaterialDefinition.cpp">
      <Filter>Source Files</Filter>
    </ClCompile>
    <ClCompile Include="MaterialDefinitionContainer.cpp">
      <Filter>Source Files</Filter>
    </ClCompile>
    <ClCompile Include="Media.cpp">
      <Filter>Source Files</Filter>
    </ClCompile>
    <ClCompile Include="Menu.cpp">
      <Filter>Source Files</Filter>
    </ClCompile>
    <ClCompile Include="MessageState.cpp">
      <Filter>Source Files</Filter>
    </ClCompile>
    <ClCompile Include="Object2.cpp">
      <Filter>Source Files</Filter>
    </ClCompile>
    <ClCompile Include="OpenGL_util.cpp">
      <Filter>Source Files</Filter>
    </ClCompile>
    <ClCompile Include="OpenglSystem.cpp">
      <Filter>Source Files</Filter>
    </ClCompile>
    <ClCompile Include="Printer.cpp">
      <Filter>Source Files</Filter>
    </ClCompile>
    <ClCompile Include="PrintJob.cpp">
      <Filter>Source Files</Filter>
    </ClCompile>
    <ClCompile Include="Rgb.cpp">
      <Filter>Source Files</Filter>
    </ClCompile>
    <ClCompile Include="Rgba.cpp">
      <Filter>Source Files</Filter>
    </ClCompile>
    <ClCompile Include="ScriptSystem.cpp">
      <Filter>Source Files</Filter>
    </ClCompile>
    <ClCompile Include="SglSystem.cpp">
      <Filter>Source Files</Filter>
    </ClCompile>
    <ClCompile Include="SoundSystem.cpp">
      <Filter>Source Files</Filter>
    </ClCompile>
    <ClCompile Include="State.cpp">
      <Filter>Source Files</Filter>
    </ClCompile>
    <ClCompile Include="StaticsState.cpp">
      <Filter>Source Files</Filter>
    </ClCompile>
    <ClCompile Include="StringFormat.cpp">
      <Filter>Source Files</Filter>
    </ClCompile>
    <ClCompile Include="StringFormatSystem.cpp">
      <Filter>Source Files</Filter>
    </ClCompile>
    <ClCompile Include="StringUtils.cpp">
      <Filter>Source Files</Filter>
    </ClCompile>
    <ClCompile Include="System.cpp">
      <Filter>Source Files</Filter>
    </ClCompile>
    <ClCompile Include="TextObject2.cpp">
      <Filter>Source Files</Filter>
    </ClCompile>
    <ClCompile Include="TweakState.cpp">
      <Filter>Source Files</Filter>
    </ClCompile>
    <ClCompile Include="World2.cpp">
      <Filter>Source Files</Filter>
    </ClCompile>
    <ClCompile Include="World3.cpp">
      <Filter>Source Files</Filter>
    </ClCompile>
    <ClCompile Include="WorldState.cpp">
      <Filter>Source Files</Filter>
    </ClCompile>
    <ClCompile Include="Xml.cpp">
      <Filter>Source Files</Filter>
    </ClCompile>
    <ClCompile Include="Color.cpp">
      <Filter>Color</Filter>
    </ClCompile>
    <ClCompile Include="convertColorBetweenBlue.cpp">
      <Filter>Color</Filter>
    </ClCompile>
    <ClCompile Include="convertColorBetweenGreen.cpp">
      <Filter>Color</Filter>
    </ClCompile>
    <ClCompile Include="convertColorBetweenRed.cpp">
      <Filter>Color</Filter>
    </ClCompile>
    <ClCompile Include="ConvertUTF.c">
      <Filter>utf</Filter>
    </ClCompile>
    <ClCompile Include="UtfConverter.cpp">
      <Filter>utf</Filter>
    </ClCompile>
  </ItemGroup>
  <ItemGroup>
    <ClInclude Include="Cache.hpp">
      <Filter>Header Files</Filter>
    </ClInclude>
    <ClInclude Include="ComponentObject2.hpp">
      <Filter>Header Files</Filter>
    </ClInclude>
    <ClInclude Include="Config.hpp">
      <Filter>Header Files</Filter>
    </ClInclude>
    <ClInclude Include="Display.hpp">
      <Filter>Header Files</Filter>
    </ClInclude>
    <ClInclude Include="Error.hpp">
      <Filter>Header Files</Filter>
    </ClInclude>
    <ClInclude Include="File.hpp">
      <Filter>Header Files</Filter>
    </ClInclude>
    <ClInclude Include="FileSystem.hpp">
      <Filter>Header Files</Filter>
    </ClInclude>
    <ClInclude Include="Font.hpp">
      <Filter>Header Files</Filter>
    </ClInclude>
    <ClInclude Include="Game.hpp">
      <Filter>Header Files</Filter>
    </ClInclude>
    <ClInclude Include="Image.hpp">
      <Filter>Header Files</Filter>
    </ClInclude>
    <ClInclude Include="Language.hpp">
      <Filter>Header Files</Filter>
    </ClInclude>
    <ClInclude Include="Loaded.hpp">
      <Filter>Header Files</Filter>
    </ClInclude>
    <ClInclude Include="Loader.hpp">
      <Filter>Header Files</Filter>
    </ClInclude>
    <ClInclude Include="Log.hpp">
      <Filter>Header Files</Filter>
    </ClInclude>
    <ClInclude Include="MaterialDefinition.hpp">
      <Filter>Header Files</Filter>
    </ClInclude>
    <ClInclude Include="MaterialDefinitionContainer.hpp">
      <Filter>Header Files</Filter>
    </ClInclude>
    <ClInclude Include="Media.hpp">
      <Filter>Header Files</Filter>
    </ClInclude>
    <ClInclude Include="Menu.hpp">
      <Filter>Header Files</Filter>
    </ClInclude>
    <ClInclude Include="Message.hpp">
      <Filter>Header Files</Filter>
    </ClInclude>
    <ClInclude Include="Object2.hpp">
      <Filter>Header Files</Filter>
    </ClInclude>
    <ClInclude Include="OpenGL_util.hpp">
      <Filter>Header Files</Filter>
    </ClInclude>
    <ClInclude Include="Printer.hpp">
      <Filter>Header Files</Filter>
    </ClInclude>
    <ClInclude Include="PrintJob.hpp">
      <Filter>Header Files</Filter>
    </ClInclude>
    <ClInclude Include="Rgb.hpp">
      <Filter>Header Files</Filter>
    </ClInclude>
    <ClInclude Include="Rgba.hpp">
      <Filter>Header Files</Filter>
    </ClInclude>
    <ClInclude Include="Script.hpp">
      <Filter>Header Files</Filter>
    </ClInclude>
    <ClInclude Include="Sound.hpp">
      <Filter>Header Files</Filter>
    </ClInclude>
    <ClInclude Include="State.hpp">
      <Filter>Header Files</Filter>
    </ClInclude>
    <ClInclude Include="StringFormat.hpp">
      <Filter>Header Files</Filter>
    </ClInclude>
    <ClInclude Include="StringMap.hpp">
      <Filter>Header Files</Filter>
    </ClInclude>
    <ClInclude Include="StringUtils.hpp">
      <Filter>Header Files</Filter>
    </ClInclude>
    <ClInclude Include="System.hpp">
      <Filter>Header Files</Filter>
    </ClInclude>
    <ClInclude Include="TemplatedMedia.hpp">
      <Filter>Header Files</Filter>
    </ClInclude>
    <ClInclude Include="TextObject2.hpp">
      <Filter>Header Files</Filter>
    </ClInclude>
    <ClInclude Include="Tweak.hpp">
      <Filter>Header Files</Filter>
    </ClInclude>
    <ClInclude Include="Types.hpp">
      <Filter>Header Files</Filter>
    </ClInclude>
    <ClInclude Include="World2.hpp">
      <Filter>Header Files</Filter>
    </ClInclude>
    <ClInclude Include="World3.hpp">
      <Filter>Header Files</Filter>
    </ClInclude>
    <ClInclude Include="WorldState.hpp">
      <Filter>Header Files</Filter>
    </ClInclude>
    <ClInclude Include="Xml.hpp">
      <Filter>Header Files</Filter>
    </ClInclude>
    <ClInclude Include="Color.hpp">
      <Filter>Color</Filter>
    </ClInclude>
    <ClInclude Include="convertColorBetweenBlue.hpp">
      <Filter>Color</Filter>
    </ClInclude>
    <ClInclude Include="convertColorBetweenGreen.hpp">
      <Filter>Color</Filter>
    </ClInclude>
    <ClInclude Include="convertColorBetweenRed.hpp">
      <Filter>Color</Filter>
    </ClInclude>
    <ClInclude Include="ConvertUTF.h">
      <Filter>utf</Filter>
    </ClInclude>
    <ClInclude Include="UtfConverter.hpp">
      <Filter>utf</Filter>
    </ClInclude>
  </ItemGroup>
  <ItemGroup>
    <None Include="ExpectedOutput.txt">
      <Filter>utf</Filter>
    </None>
    <None Include="readme.txt">
      <Filter>utf</Filter>
    </None>
  </ItemGroup>
</Project>